# THIS IS AN AUTOGENERATED FILE. DO NOT EDIT THIS FILE DIRECTLY.
# yarn lockfile v1


uselazy@2.1.0:
  version "2.1.0"
  resolved "https://registry.yarnpkg.com/uselazy/-/uselazy-2.1.0.tgz#ca07c4ae447e3f4cb53c195046f04c1966c1ad83"
  integrity sha512-2FFfwfmNhhtV5Dz+kIkbZzowWUHA9v9JUvn/C9ExvrzVEDyk6v00CbFBTSOLmaeTP2HDJ8BdfrgHu5KwprpCEQ==
